// !$*UTF8*$!
{
	archiveVersion = 1;
	classes = {
	};
	objectVersion = 46;
	objects = {

/* Begin PBXBuildFile section */
		736832741C1E8D980035AC5A /* Keychain.swift in Sources */ = {isa = PBXBuildFile; fileRef = 736832731C1E8D980035AC5A /* Keychain.swift */; };
		73A7063B1BBC258A00BA6D10 /* AppDelegate.swift in Sources */ = {isa = PBXBuildFile; fileRef = 73A7063A1BBC258A00BA6D10 /* AppDelegate.swift */; };
		73A7063D1BBC258A00BA6D10 /* ViewController.swift in Sources */ = {isa = PBXBuildFile; fileRef = 73A7063C1BBC258A00BA6D10 /* ViewController.swift */; };
		73A706401BBC258A00BA6D10 /* IsuApp.xcdatamodeld in Sources */ = {isa = PBXBuildFile; fileRef = 73A7063E1BBC258A00BA6D10 /* IsuApp.xcdatamodeld */; };
		73A706421BBC258A00BA6D10 /* Assets.xcassets in Resources */ = {isa = PBXBuildFile; fileRef = 73A706411BBC258A00BA6D10 /* Assets.xcassets */; };
		73A706451BBC258B00BA6D10 /* Main.storyboard in Resources */ = {isa = PBXBuildFile; fileRef = 73A706431BBC258B00BA6D10 /* Main.storyboard */; };
/* End PBXBuildFile section */

/* Begin PBXFileReference section */
		736832731C1E8D980035AC5A /* Keychain.swift */ = {isa = PBXFileReference; fileEncoding = 4; lastKnownFileType = sourcecode.swift; name = Keychain.swift; path = KeychainSwift/Keychain.swift; sourceTree = "<group>"; };
		73A706371BBC258A00BA6D10 /* IsuApp.app */ = {isa = PBXFileReference; explicitFileType = wrapper.application; includeInIndex = 0; path = IsuApp.app; sourceTree = BUILT_PRODUCTS_DIR; };
		73A7063A1BBC258A00BA6D10 /* AppDelegate.swift */ = {isa = PBXFileReference; lastKnownFileType = sourcecode.swift; path = AppDelegate.swift; sourceTree = "<group>"; };
		73A7063C1BBC258A00BA6D10 /* ViewController.swift */ = {isa = PBXFileReference; lastKnownFileType = sourcecode.swift; path = ViewController.swift; sourceTree = "<group>"; };
		73A7063F1BBC258A00BA6D10 /* IsuApp.xcdatamodel */ = {isa = PBXFileReference; lastKnownFileType = wrapper.xcdatamodel; path = IsuApp.xcdatamodel; sourceTree = "<group>"; };
		73A706411BBC258A00BA6D10 /* Assets.xcassets */ = {isa = PBXFileReference; lastKnownFileType = folder.assetcatalog; path = Assets.xcassets; sourceTree = "<group>"; };
		73A706441BBC258B00BA6D10 /* Base */ = {isa = PBXFileReference; lastKnownFileType = file.storyboard; name = Base; path = Base.lproj/Main.storyboard; sourceTree = "<group>"; };
		73A706461BBC258B00BA6D10 /* Info.plist */ = {isa = PBXFileReference; lastKnownFileType = text.plist.xml; path = Info.plist; sourceTree = "<group>"; };
/* End PBXFileReference section */

/* Begin PBXFrameworksBuildPhase section */
		73A706341BBC258A00BA6D10 /* Frameworks */ = {
			isa = PBXFrameworksBuildPhase;
			buildActionMask = 2147483647;
			files = (
			);
			runOnlyForDeploymentPostprocessing = 0;
		};
/* End PBXFrameworksBuildPhase section */

/* Begin PBXGroup section */
		73A7062E1BBC258A00BA6D10 = {
			isa = PBXGroup;
			children = (
				73A706391BBC258A00BA6D10 /* IsuApp */,
				73A706381BBC258A00BA6D10 /* Products */,
			);
			sourceTree = "<group>";
		};
		73A706381BBC258A00BA6D10 /* Products */ = {
			isa = PBXGroup;
			children = (
				73A706371BBC258A00BA6D10 /* IsuApp.app */,
			);
			name = Products;
			sourceTree = "<group>";
		};
		73A706391BBC258A00BA6D10 /* IsuApp */ = {
			isa = PBXGroup;
			children = (
				736832731C1E8D980035AC5A /* Keychain.swift */,
				73A7063A1BBC258A00BA6D10 /* AppDelegate.swift */,
				73A7063C1BBC258A00BA6D10 /* ViewController.swift */,
				73A706411BBC258A00BA6D10 /* Assets.xcassets */,
				73A706431BBC258B00BA6D10 /* Main.storyboard */,
				73A706461BBC258B00BA6D10 /* Info.plist */,
				73A7063E1BBC258A00BA6D10 /* IsuApp.xcdatamodeld */,
			);
			path = IsuApp;
			sourceTree = "<group>";
		};
/* End PBXGroup section */

/* Begin PBXNativeTarget section */
		73A706361BBC258A00BA6D10 /* IsuApp */ = {
			isa = PBXNativeTarget;
			buildConfigurationList = 73A706491BBC258B00BA6D10 /* Build configuration list for PBXNativeTarget "IsuApp" */;
			buildPhases = (
				73A706331BBC258A00BA6D10 /* Sources */,
				73A706341BBC258A00BA6D10 /* Frameworks */,
				73A706351BBC258A00BA6D10 /* Resources */,
			);
			buildRules = (
			);
			dependencies = (
			);
			name = IsuApp;
			productName = IsuApp;
			productReference = 73A706371BBC258A00BA6D10 /* IsuApp.app */;
			productType = "com.apple.product-type.application";
		};
/* End PBXNativeTarget section */

/* Begin PBXProject section */
		73A7062F1BBC258A00BA6D10 /* Project object */ = {
			isa = PBXProject;
			attributes = {
				LastUpgradeCheck = 0700;
				ORGANIZATIONNAME = adr;
				TargetAttributes = {
					73A706361BBC258A00BA6D10 = {
						CreatedOnToolsVersion = 7.0.1;
					};
				};
			};
			buildConfigurationList = 73A706321BBC258A00BA6D10 /* Build configuration list for PBXProject "IsuApp" */;
			compatibilityVersion = "Xcode 3.2";
			developmentRegion = English;
			hasScannedForEncodings = 0;
			knownRegions = (
				en,
				Base,
			);
			mainGroup = 73A7062E1BBC258A00BA6D10;
			productRefGroup = 73A706381BBC258A00BA6D10 /* Products */;
			projectDirPath = "";
			projectRoot = "";
			targets = (
				73A706361BBC258A00BA6D10 /* IsuApp */,
			);
		};
/* End PBXProject section */

/* Begin PBXResourcesBuildPhase section */
		73A706351BBC258A00BA6D10 /* Resources */ = {
			isa = PBXResourcesBuildPhase;
			buildActionMask = 2147483647;
			files = (
				73A706421BBC258A00BA6D10 /* Assets.xcassets in Resources */,
				73A706451BBC258B00BA6D10 /* Main.storyboard in Resources */,
			);
			runOnlyForDeploymentPostprocessing = 0;
		};
/* End PBXResourcesBuildPhase section */

/* Begin PBXSourcesBuildPhase section */
		73A706331BBC258A00BA6D10 /* Sources */ = {
			isa = PBXSourcesBuildPhase;
			buildActionMask = 2147483647;
			files = (
				73A7063D1BBC258A00BA6D10 /* ViewController.swift in Sources */,
				736832741C1E8D980035AC5A /* Keychain.swift in Sources */,
				73A706401BBC258A00BA6D10 /* IsuApp.xcdatamodeld in Sources */,
				73A7063B1BBC258A00BA6D10 /* AppDelegate.swift in Sources */,
			);
			runOnlyForDeploymentPostprocessing = 0;
		};
/* End PBXSourcesBuildPhase section */

/* Begin PBXVariantGroup section */
		73A706431BBC258B00BA6D10 /* Main.storyboard */ = {
			isa = PBXVariantGroup;
			children = (
				73A706441BBC258B00BA6D10 /* Base */,
			);
			name = Main.storyboard;
			sourceTree = "<group>";
		};
/* End PBXVariantGroup section */

/* Begin XCBuildConfiguration section */
		73A706471BBC258B00BA6D10 /* Debug */ = {
			isa = XCBuildConfiguration;
			buildSettings = {
				ALWAYS_SEARCH_USER_PATHS = NO;
				CLANG_CXX_LANGUAGE_STANDARD = "gnu++0x";
				CLANG_CXX_LIBRARY = "libc++";
				CLANG_ENABLE_MODULES = YES;
				CLANG_ENABLE_OBJC_ARC = YES;
				CLANG_WARN_BOOL_CONVERSION = YES;
				CLANG_WARN_CONSTANT_CONVERSION = YES;
				CLANG_WARN_DIRECT_OBJC_ISA_USAGE = YES_ERROR;
				CLANG_WARN_EMPTY_BODY = YES;
				CLANG_WARN_ENUM_CONVERSION = YES;
				CLANG_WARN_INT_CONVERSION = YES;
				CLANG_WARN_OBJC_ROOT_CLASS = YES_ERROR;
				CLANG_WARN_UNREACHABLE_CODE = YES;
				CLANG_WARN__DUPLICATE_METHOD_MATCH = YES;
				CODE_SIGN_IDENTITY = "-";
				COPY_PHASE_STRIP = NO;
				DEBUG_INFORMATION_FORMAT = dwarf;
				ENABLE_STRICT_OBJC_MSGSEND = YES;
				ENABLE_TESTABILITY = YES;
				GCC_C_LANGUAGE_STANDARD = gnu99;
				GCC_DYNAMIC_NO_PIC = NO;
				GCC_NO_COMMON_BLOCKS = YES;
				GCC_OPTIMIZATION_LEVEL = 0;
				GCC_PREPROCESSOR_DEFINITIONS = (
					"DEBUG=1",
					"$(inherited)",
				);
				GCC_WARN_64_TO_32_BIT_CONVERSION = YES;
				GCC_WARN_ABOUT_RETURN_TYPE = YES_ERROR;
				GCC_WARN_UNDECLARED_SELECTOR = YES;
				GCC_WARN_UNINITIALIZED_AUTOS = YES_AGGRESSIVE;
				GCC_WARN_UNUSED_FUNCTION = YES;
				GCC_WARN_UNUSED_VARIABLE = YES;
				MACOSX_DEPLOYMENT_TARGET = 10.10;
				MTL_ENABLE_DEBUG_INFO = YES;
				ONLY_ACTIVE_ARCH = YES;
				SDKROOT = macosx;
				SWIFT_OPTIMIZATION_LEVEL = "-Onone";
			};
			name = Debug;
		};
		73A706481BBC258B00BA6D10 /* Release */ = {
			isa = XCBuildConfiguration;
			buildSettings = {
				ALWAYS_SEARCH_USER_PATHS = NO;
				CLANG_CXX_LANGUAGE_STANDARD = "gnu++0x";
				CLANG_CXX_LIBRARY = "libc++";
				CLANG_ENABLE_MODULES = YES;
				CLANG_ENABLE_OBJC_ARC = YES;
				CLANG_WARN_BOOL_CONVERSION = YES;
				CLANG_WARN_CONSTANT_CONVERSION = YES;
				CLANG_WARN_DIRECT_OBJC_ISA_USAGE = YES_ERROR;
				CLANG_WARN_EMPTY_BODY = YES;
				CLANG_WARN_ENUM_CONVERSION = YES;
				CLANG_WARN_INT_CONVERSION = YES;
				CLANG_WARN_OBJC_ROOT_CLASS = YES_ERROR;
				CLANG_WARN_UNREACHABLE_CODE = YES;
				CLANG_WARN__DUPLICATE_METHOD_MATCH = YES;
				CODE_SIGN_IDENTITY = "-";
				COPY_PHASE_STRIP = NO;
				DEBUG_INFORMATION_FORMAT = "dwarf-with-dsym";
				ENABLE_NS_ASSERTIONS = NO;
				ENABLE_STRICT_OBJC_MSGSEND = YES;
				GCC_C_LANGUAGE_STANDARD = gnu99;
				GCC_NO_COMMON_BLOCKS = YES;
				GCC_WARN_64_TO_32_BIT_CONVERSION = YES;
				GCC_WARN_ABOUT_RETURN_TYPE = YES_ERROR;
				GCC_WARN_UNDECLARED_SELECTOR = YES;
				GCC_WARN_UNINITIALIZED_AUTOS = YES_AGGRESSIVE;
				GCC_WARN_UNUSED_FUNCTION = YES;
				GCC_WARN_UNUSED_VARIABLE = YES;
				MACOSX_DEPLOYMENT_TARGET = 10.10;
				MTL_ENABLE_DEBUG_INFO = NO;
				SDKROOT = macosx;
			};
			name = Release;
		};
		73A7064A1BBC258B00BA6D10 /* Debug */ = {
			isa = XCBuildConfiguration;
			buildSettings = {
				ASSETCATALOG_COMPILER_APPICON_NAME = AppIcon;
				COMBINE_HIDPI_IMAGES = YES;
				INFOPLIST_FILE = IsuApp/Info.plist;
				LD_RUNPATH_SEARCH_PATHS = "$(inherited) @executable_path/../Frameworks";
				PRODUCT_BUNDLE_IDENTIFIER = adr.IsuApp;
				PRODUCT_NAME = "$(TARGET_NAME)";
			};
			name = Debug;
		};
		73A7064B1BBC258B00BA6D10 /* Release */ = {
			isa = XCBuildConfiguration;
			buildSettings = {
				ASSETCATALOG_COMPILER_APPICON_NAME = AppIcon;
				COMBINE_HIDPI_IMAGES = YES;
				INFOPLIST_FILE = IsuApp/Info.plist;
				LD_RUNPATH_SEARCH_PATHS = "$(inherited) @executable_path/../Frameworks";
				PRODUCT_BUNDLE_IDENTIFIER = adr.IsuApp;
				PRODUCT_NAME = "$(TARGET_NAME)";
			};
			name = Release;
		};
/* End XCBuildConfiguration section */

/* Begin XCConfigurationList section */
		73A706321BBC258A00BA6D10 /* Build configuration list for PBXProject "IsuApp" */ = {
			isa = XCConfigurationList;
			buildConfigurations = (
				73A706471BBC258B00BA6D10 /* Debug */,
				73A706481BBC258B00BA6D10 /* Release */,
			);
			defaultConfigurationIsVisible = 0;
			defaultConfigurationName = Release;
		};
		73A706491BBC258B00BA6D10 /* Build configuration list for PBXNativeTarget "IsuApp" */ = {
			isa = XCConfigurationList;
			buildConfigurations = (
				73A7064A1BBC258B00BA6D10 /* Debug */,
				73A7064B1BBC258B00BA6D10 /* Release */,
			);
			defaultConfigurationIsVisible = 0;
			defaultConfigurationName = Release;
		};
/* End XCConfigurationList section */

/* Begin XCVersionGroup section */
		73A7063E1BBC258A00BA6D10 /* IsuApp.xcdatamodeld */ = {
			isa = XCVersionGroup;
			children = (
				73A7063F1BBC258A00BA6D10 /* IsuApp.xcdatamodel */,
			);
			currentVersion = 73A7063F1BBC258A00BA6D10 /* IsuApp.xcdatamodel */;
			path = IsuApp.xcdatamodeld;
			sourceTree = "<group>";
			versionGroupType = wrapper.xcdatamodel;
		};
/* End XCVersionGroup section */
	};
	rootObject = 73A7062F1BBC258A00BA6D10 /* Project object */;
}
